
Microsoft Visual Studio Solution File, Format Version 12.00
# Visual Studio Version 17
VisualStudioVersion = 17.8.34330.188
MinimumVisualStudioVersion = 10.0.40219.1
Project("{9A19103F-16F7-4668-BE54-9A1E7A4F7556}") = "API", "IgroCehApp\API.csproj", "{F6492687-216E-4F4F-A838-BD1B8EFC8C0C}"
	ProjectSection(ProjectDependencies) = postProject
		{781DF0D1-CBA8-4E47-9715-9AC6D67FB927} = {781DF0D1-CBA8-4E47-9715-9AC6D67FB927}
	EndProjectSection
EndProject
Project("{FAE04EC0-301F-11D3-BF4B-00C04F79EFBC}") = "Application", "Application\Application.csproj", "{781DF0D1-CBA8-4E47-9715-9AC6D67FB927}"
EndProject
Project("{FAE04EC0-301F-11D3-BF4B-00C04F79EFBC}") = "Infrastructure", "Infrastructure\Infrastructure.csproj", "{7A75994A-E117-4991-AC33-B7111C518568}"
EndProject
Project("{FAE04EC0-301F-11D3-BF4B-00C04F79EFBC}") = "Domain", "Domain\Domain.csproj", "{C2F4E47D-84D8-4839-A446-214BE51205DE}"
EndProject
Project("{FAE04EC0-301F-11D3-BF4B-00C04F79EFBC}") = "Persistence", "Persistence\Persistence.csproj", "{9723365F-35AE-42A6-9B04-1E24769030F3}"
EndProject
Global
	GlobalSection(SolutionConfigurationPlatforms) = preSolution
		Debug|Any CPU = Debug|Any CPU
		Release|Any CPU = Release|Any CPU
	EndGlobalSection
	GlobalSection(ProjectConfigurationPlatforms) = postSolution
		{F6492687-216E-4F4F-A838-BD1B8EFC8C0C}.Debug|Any CPU.ActiveCfg = Debug|Any CPU
		{F6492687-216E-4F4F-A838-BD1B8EFC8C0C}.Debug|Any CPU.Build.0 = Debug|Any CPU
		{F6492687-216E-4F4F-A838-BD1B8EFC8C0C}.Release|Any CPU.ActiveCfg = Release|Any CPU
		{F6492687-216E-4F4F-A838-BD1B8EFC8C0C}.Release|Any CPU.Build.0 = Release|Any CPU
		{781DF0D1-CBA8-4E47-9715-9AC6D67FB927}.Debug|Any CPU.ActiveCfg = Debug|Any CPU
		{781DF0D1-CBA8-4E47-9715-9AC6D67FB927}.Debug|Any CPU.Build.0 = Debug|Any CPU
		{781DF0D1-CBA8-4E47-9715-9AC6D67FB927}.Release|Any CPU.ActiveCfg = Release|Any CPU
		{781DF0D1-CBA8-4E47-9715-9AC6D67FB927}.Release|Any CPU.Build.0 = Release|Any CPU
		{7A75994A-E117-4991-AC33-B7111C518568}.Debug|Any CPU.ActiveCfg = Debug|Any CPU
		{7A75994A-E117-4991-AC33-B7111C518568}.Debug|Any CPU.Build.0 = Debug|Any CPU
		{7A75994A-E117-4991-AC33-B7111C518568}.Release|Any CPU.ActiveCfg = Release|Any CPU
		{7A75994A-E117-4991-AC33-B7111C518568}.Release|Any CPU.Build.0 = Release|Any CPU
		{C2F4E47D-84D8-4839-A446-214BE51205DE}.Debug|Any CPU.ActiveCfg = Debug|Any CPU
		{C2F4E47D-84D8-4839-A446-214BE51205DE}.Debug|Any CPU.Build.0 = Debug|Any CPU
		{C2F4E47D-84D8-4839-A446-214BE51205DE}.Release|Any CPU.ActiveCfg = Release|Any CPU
		{C2F4E47D-84D8-4839-A446-214BE51205DE}.Release|Any CPU.Build.0 = Release|Any CPU
		{9723365F-35AE-42A6-9B04-1E24769030F3}.Debug|Any CPU.ActiveCfg = Debug|Any CPU
		{9723365F-35AE-42A6-9B04-1E24769030F3}.Debug|Any CPU.Build.0 = Debug|Any CPU
		{9723365F-35AE-42A6-9B04-1E24769030F3}.Release|Any CPU.ActiveCfg = Release|Any CPU
		{9723365F-35AE-42A6-9B04-1E24769030F3}.Release|Any CPU.Build.0 = Release|Any CPU
	EndGlobalSection
	GlobalSection(SolutionProperties) = preSolution
		HideSolutionNode = FALSE
	EndGlobalSection
	GlobalSection(ExtensibilityGlobals) = postSolution
		SolutionGuid = {C1CE76CF-ADD9-4F78-83A4-F1DC8BA19C4F}
	EndGlobalSection
EndGlobal
